// !$*UTF8*$!
{
	archiveVersion = 1;
	classes = {
	};
	objectVersion = 50;
	objects = {

/* Begin PBXBuildFile section */
		123D6CDA21900D48000081A3 /* DateUtilTests.swift in Sources */ = {isa = PBXBuildFile; fileRef = 123D6CD921900D48000081A3 /* DateUtilTests.swift */; };
		1246EBBA219462A0003EBD15 /* OpenWeatherMapWebService.swift in Sources */ = {isa = PBXBuildFile; fileRef = 1246EBB9219462A0003EBD15 /* OpenWeatherMapWebService.swift */; };
		1247DE6221886FDB00B5EA0E /* response.json in Resources */ = {isa = PBXBuildFile; fileRef = 1247DE6121886FDB00B5EA0E /* response.json */; };
		12667DD7218576DF00B2C319 /* AppDelegate.swift in Sources */ = {isa = PBXBuildFile; fileRef = 12667DD6218576DF00B2C319 /* AppDelegate.swift */; };
		12667DD9218576DF00B2C319 /* WeatherViewController.swift in Sources */ = {isa = PBXBuildFile; fileRef = 12667DD8218576DF00B2C319 /* WeatherViewController.swift */; };
		12667DDC218576DF00B2C319 /* Main.storyboard in Resources */ = {isa = PBXBuildFile; fileRef = 12667DDA218576DF00B2C319 /* Main.storyboard */; };
		12667DDE218576E400B2C319 /* Assets.xcassets in Resources */ = {isa = PBXBuildFile; fileRef = 12667DDD218576E400B2C319 /* Assets.xcassets */; };
		12667DE1218576E400B2C319 /* LaunchScreen.storyboard in Resources */ = {isa = PBXBuildFile; fileRef = 12667DDF218576E400B2C319 /* LaunchScreen.storyboard */; };
		12667DF7218576E400B2C319 /* WeatherAppUITests.swift in Sources */ = {isa = PBXBuildFile; fileRef = 12667DF6218576E400B2C319 /* WeatherAppUITests.swift */; };
		12667E062185B16200B2C319 /* ForecastCell.swift in Sources */ = {isa = PBXBuildFile; fileRef = 12667E052185B16200B2C319 /* ForecastCell.swift */; };
		12667E082185BD1600B2C319 /* ForeCastViewController.swift in Sources */ = {isa = PBXBuildFile; fileRef = 12667E072185BD1600B2C319 /* ForeCastViewController.swift */; };
		12667E0B2185BF2300B2C319 /* Weather.swift in Sources */ = {isa = PBXBuildFile; fileRef = 12667E0A2185BF2300B2C319 /* Weather.swift */; };
		12667E0D2185BF4F00B2C319 /* Forecast.swift in Sources */ = {isa = PBXBuildFile; fileRef = 12667E0C2185BF4F00B2C319 /* Forecast.swift */; };
		12667E0F2185C50900B2C319 /* NetworkManager.swift in Sources */ = {isa = PBXBuildFile; fileRef = 12667E0E2185C50900B2C319 /* NetworkManager.swift */; };
		12667E122185C84900B2C319 /* LocationService.swift in Sources */ = {isa = PBXBuildFile; fileRef = 12667E112185C84900B2C319 /* LocationService.swift */; };
		12667E142185C93100B2C319 /* WAError.swift in Sources */ = {isa = PBXBuildFile; fileRef = 12667E132185C93100B2C319 /* WAError.swift */; };
		12667E162185CADB00B2C319 /* Observable.swift in Sources */ = {isa = PBXBuildFile; fileRef = 12667E152185CADB00B2C319 /* Observable.swift */; };
		12667E182185CBE600B2C319 /* WeatherViewModel.swift in Sources */ = {isa = PBXBuildFile; fileRef = 12667E172185CBE600B2C319 /* WeatherViewModel.swift */; };
		12667E1A2185D22D00B2C319 /* WeatherServiceProtocol.swift in Sources */ = {isa = PBXBuildFile; fileRef = 12667E192185D22D00B2C319 /* WeatherServiceProtocol.swift */; };
		12667E1C2185D25C00B2C319 /* OpenWeatherMapService.swift in Sources */ = {isa = PBXBuildFile; fileRef = 12667E1B2185D25C00B2C319 /* OpenWeatherMapService.swift */; };
		12C146B3218B8D21007A5BB0 /* ForecastCellViewModel.swift in Sources */ = {isa = PBXBuildFile; fileRef = 12C146B2218B8D20007A5BB0 /* ForecastCellViewModel.swift */; };
		12C146B5218C1D86007A5BB0 /* DateUtility.swift in Sources */ = {isa = PBXBuildFile; fileRef = 12C146B4218C1D86007A5BB0 /* DateUtility.swift */; };
		12F4C69C218DC1FD006DEAA9 /* Default-568h@2x.png in Resources */ = {isa = PBXBuildFile; fileRef = 12F4C69B218DC1FD006DEAA9 /* Default-568h@2x.png */; };
/* End PBXBuildFile section */

/* Begin PBXContainerItemProxy section */
		12667DE8218576E400B2C319 /* PBXContainerItemProxy */ = {
			isa = PBXContainerItemProxy;
			containerPortal = 12667DCB218576DF00B2C319 /* Project object */;
			proxyType = 1;
			remoteGlobalIDString = 12667DD2218576DF00B2C319;
			remoteInfo = WeatherApp;
		};
		12667DF3218576E400B2C319 /* PBXContainerItemProxy */ = {
			isa = PBXContainerItemProxy;
			containerPortal = 12667DCB218576DF00B2C319 /* Project object */;
			proxyType = 1;
			remoteGlobalIDString = 12667DD2218576DF00B2C319;
			remoteInfo = WeatherApp;
		};
/* End PBXContainerItemProxy section */

/* Begin PBXFileReference section */
		123D6CD921900D48000081A3 /* DateUtilTests.swift */ = {isa = PBXFileReference; lastKnownFileType = sourcecode.swift; path = DateUtilTests.swift; sourceTree = "<group>"; };
		1246EBB9219462A0003EBD15 /* OpenWeatherMapWebService.swift */ = {isa = PBXFileReference; lastKnownFileType = sourcecode.swift; path = OpenWeatherMapWebService.swift; sourceTree = "<group>"; };
		1247DE6121886FDB00B5EA0E /* response.json */ = {isa = PBXFileReference; fileEncoding = 4; lastKnownFileType = text.json; path = response.json; sourceTree = "<group>"; };
		12667DD3218576DF00B2C319 /* WeatherApp.app */ = {isa = PBXFileReference; explicitFileType = wrapper.application; includeInIndex = 0; path = WeatherApp.app; sourceTree = BUILT_PRODUCTS_DIR; };
		12667DD6218576DF00B2C319 /* AppDelegate.swift */ = {isa = PBXFileReference; lastKnownFileType = sourcecode.swift; path = AppDelegate.swift; sourceTree = "<group>"; };
		12667DD8218576DF00B2C319 /* WeatherViewController.swift */ = {isa = PBXFileReference; lastKnownFileType = sourcecode.swift; path = WeatherViewController.swift; sourceTree = "<group>"; };
		12667DDB218576DF00B2C319 /* Base */ = {isa = PBXFileReference; lastKnownFileType = file.storyboard; name = Base; path = Base.lproj/Main.storyboard; sourceTree = "<group>"; };
		12667DDD218576E400B2C319 /* Assets.xcassets */ = {isa = PBXFileReference; lastKnownFileType = folder.assetcatalog; path = Assets.xcassets; sourceTree = "<group>"; };
		12667DE0218576E400B2C319 /* Base */ = {isa = PBXFileReference; lastKnownFileType = file.storyboard; name = Base; path = Base.lproj/LaunchScreen.storyboard; sourceTree = "<group>"; };
		12667DE2218576E400B2C319 /* Info.plist */ = {isa = PBXFileReference; lastKnownFileType = text.plist.xml; path = Info.plist; sourceTree = "<group>"; };
		12667DE7218576E400B2C319 /* WeatherAppTests.xctest */ = {isa = PBXFileReference; explicitFileType = wrapper.cfbundle; includeInIndex = 0; path = WeatherAppTests.xctest; sourceTree = BUILT_PRODUCTS_DIR; };
		12667DED218576E400B2C319 /* Info.plist */ = {isa = PBXFileReference; lastKnownFileType = text.plist.xml; path = Info.plist; sourceTree = "<group>"; };
		12667DF2218576E400B2C319 /* WeatherAppUITests.xctest */ = {isa = PBXFileReference; explicitFileType = wrapper.cfbundle; includeInIndex = 0; path = WeatherAppUITests.xctest; sourceTree = BUILT_PRODUCTS_DIR; };
		12667DF6218576E400B2C319 /* WeatherAppUITests.swift */ = {isa = PBXFileReference; lastKnownFileType = sourcecode.swift; path = WeatherAppUITests.swift; sourceTree = "<group>"; };
		12667DF8218576E400B2C319 /* Info.plist */ = {isa = PBXFileReference; lastKnownFileType = text.plist.xml; path = Info.plist; sourceTree = "<group>"; };
		12667E052185B16200B2C319 /* ForecastCell.swift */ = {isa = PBXFileReference; lastKnownFileType = sourcecode.swift; path = ForecastCell.swift; sourceTree = "<group>"; };
		12667E072185BD1600B2C319 /* ForeCastViewController.swift */ = {isa = PBXFileReference; lastKnownFileType = sourcecode.swift; path = ForeCastViewController.swift; sourceTree = "<group>"; };
		12667E0A2185BF2300B2C319 /* Weather.swift */ = {isa = PBXFileReference; lastKnownFileType = sourcecode.swift; path = Weather.swift; sourceTree = "<group>"; };
		12667E0C2185BF4F00B2C319 /* Forecast.swift */ = {isa = PBXFileReference; lastKnownFileType = sourcecode.swift; path = Forecast.swift; sourceTree = "<group>"; };
		12667E0E2185C50900B2C319 /* NetworkManager.swift */ = {isa = PBXFileReference; lastKnownFileType = sourcecode.swift; path = NetworkManager.swift; sourceTree = "<group>"; };
		12667E112185C84900B2C319 /* LocationService.swift */ = {isa = PBXFileReference; lastKnownFileType = sourcecode.swift; path = LocationService.swift; sourceTree = "<group>"; };
		12667E132185C93100B2C319 /* WAError.swift */ = {isa = PBXFileReference; lastKnownFileType = sourcecode.swift; path = WAError.swift; sourceTree = "<group>"; };
		12667E152185CADB00B2C319 /* Observable.swift */ = {isa = PBXFileReference; lastKnownFileType = sourcecode.swift; path = Observable.swift; sourceTree = "<group>"; };
		12667E172185CBE600B2C319 /* WeatherViewModel.swift */ = {isa = PBXFileReference; lastKnownFileType = sourcecode.swift; path = WeatherViewModel.swift; sourceTree = "<group>"; };
		12667E192185D22D00B2C319 /* WeatherServiceProtocol.swift */ = {isa = PBXFileReference; lastKnownFileType = sourcecode.swift; path = WeatherServiceProtocol.swift; sourceTree = "<group>"; };
		12667E1B2185D25C00B2C319 /* OpenWeatherMapService.swift */ = {isa = PBXFileReference; lastKnownFileType = sourcecode.swift; path = OpenWeatherMapService.swift; sourceTree = "<group>"; };
		12C146B2218B8D20007A5BB0 /* ForecastCellViewModel.swift */ = {isa = PBXFileReference; lastKnownFileType = sourcecode.swift; path = ForecastCellViewModel.swift; sourceTree = "<group>"; };
		12C146B4218C1D86007A5BB0 /* DateUtility.swift */ = {isa = PBXFileReference; lastKnownFileType = sourcecode.swift; path = DateUtility.swift; sourceTree = "<group>"; };
		12F4C69B218DC1FD006DEAA9 /* Default-568h@2x.png */ = {isa = PBXFileReference; lastKnownFileType = image.png; path = "Default-568h@2x.png"; sourceTree = "<group>"; };
/* End PBXFileReference section */

/* Begin PBXFrameworksBuildPhase section */
		12667DD0218576DF00B2C319 /* Frameworks */ = {
			isa = PBXFrameworksBuildPhase;
			buildActionMask = 2147483647;
			files = (
			);
			runOnlyForDeploymentPostprocessing = 0;
		};
		12667DE4218576E400B2C319 /* Frameworks */ = {
			isa = PBXFrameworksBuildPhase;
			buildActionMask = 2147483647;
			files = (
			);
			runOnlyForDeploymentPostprocessing = 0;
		};
		12667DEF218576E400B2C319 /* Frameworks */ = {
			isa = PBXFrameworksBuildPhase;
			buildActionMask = 2147483647;
			files = (
			);
			runOnlyForDeploymentPostprocessing = 0;
		};
/* End PBXFrameworksBuildPhase section */

/* Begin PBXGroup section */
		12667DCA218576DF00B2C319 = {
			isa = PBXGroup;
			children = (
				12667DD5218576DF00B2C319 /* WeatherApp */,
				12667DEA218576E400B2C319 /* WeatherAppTests */,
				12667DF5218576E400B2C319 /* WeatherAppUITests */,
				12667DD4218576DF00B2C319 /* Products */,
			);
			sourceTree = "<group>";
		};
		12667DD4218576DF00B2C319 /* Products */ = {
			isa = PBXGroup;
			children = (
				12667DD3218576DF00B2C319 /* WeatherApp.app */,
				12667DE7218576E400B2C319 /* WeatherAppTests.xctest */,
				12667DF2218576E400B2C319 /* WeatherAppUITests.xctest */,
			);
			name = Products;
			sourceTree = "<group>";
		};
		12667DD5218576DF00B2C319 /* WeatherApp */ = {
			isa = PBXGroup;
			children = (
				12667DD6218576DF00B2C319 /* AppDelegate.swift */,
				12667E102185C7C600B2C319 /* Common */,
				12667E042185A42C00B2C319 /* NetworkLayer */,
				12F4C69D218DC306006DEAA9 /* Weather */,
				12F4C69A218DC1B2006DEAA9 /* Resources */,
			);
			path = WeatherApp;
			sourceTree = "<group>";
		};
		12667DEA218576E400B2C319 /* WeatherAppTests */ = {
			isa = PBXGroup;
			children = (
				1246EBB9219462A0003EBD15 /* OpenWeatherMapWebService.swift */,
				123D6CD921900D48000081A3 /* DateUtilTests.swift */,
				12667DED218576E400B2C319 /* Info.plist */,
			);
			path = WeatherAppTests;
			sourceTree = "<group>";
		};
		12667DF5218576E400B2C319 /* WeatherAppUITests */ = {
			isa = PBXGroup;
			children = (
				12667DF6218576E400B2C319 /* WeatherAppUITests.swift */,
				12667DF8218576E400B2C319 /* Info.plist */,
			);
			path = WeatherAppUITests;
			sourceTree = "<group>";
		};
		12667E042185A42C00B2C319 /* NetworkLayer */ = {
			isa = PBXGroup;
			children = (
				12667E0E2185C50900B2C319 /* NetworkManager.swift */,
			);
			path = NetworkLayer;
			sourceTree = "<group>";
		};
		12667E092185BEF800B2C319 /* Model */ = {
			isa = PBXGroup;
			children = (
				12667E0A2185BF2300B2C319 /* Weather.swift */,
				12667E0C2185BF4F00B2C319 /* Forecast.swift */,
			);
			path = Model;
			sourceTree = "<group>";
		};
		12667E102185C7C600B2C319 /* Common */ = {
			isa = PBXGroup;
			children = (
				12667E132185C93100B2C319 /* WAError.swift */,
				12667E152185CADB00B2C319 /* Observable.swift */,
				12C146B4218C1D86007A5BB0 /* DateUtility.swift */,
			);
			path = Common;
			sourceTree = "<group>";
		};
		12F4C69A218DC1B2006DEAA9 /* Resources */ = {
			isa = PBXGroup;
			children = (
				12F4C69B218DC1FD006DEAA9 /* Default-568h@2x.png */,
				12667DDA218576DF00B2C319 /* Main.storyboard */,
				12667DDF218576E400B2C319 /* LaunchScreen.storyboard */,
				12667DE2218576E400B2C319 /* Info.plist */,
				1247DE6121886FDB00B5EA0E /* response.json */,
				12667DDD218576E400B2C319 /* Assets.xcassets */,
			);
			path = Resources;
			sourceTree = "<group>";
		};
		12F4C69D218DC306006DEAA9 /* Weather */ = {
			isa = PBXGroup;
			children = (
				12667E092185BEF800B2C319 /* Model */,
				12F4C69F218DC37D006DEAA9 /* View */,
				12F4C69E218DC353006DEAA9 /* ViewModel */,
				12667E192185D22D00B2C319 /* WeatherServiceProtocol.swift */,
				12667E1B2185D25C00B2C319 /* OpenWeatherMapService.swift */,
				12667E112185C84900B2C319 /* LocationService.swift */,
			);
			path = Weather;
			sourceTree = "<group>";
		};
		12F4C69E218DC353006DEAA9 /* ViewModel */ = {
			isa = PBXGroup;
			children = (
				12667E172185CBE600B2C319 /* WeatherViewModel.swift */,
				12C146B2218B8D20007A5BB0 /* ForecastCellViewModel.swift */,
			);
			path = ViewModel;
			sourceTree = "<group>";
		};
		12F4C69F218DC37D006DEAA9 /* View */ = {
			isa = PBXGroup;
			children = (
				12667DD8218576DF00B2C319 /* WeatherViewController.swift */,
				12667E072185BD1600B2C319 /* ForeCastViewController.swift */,
				12667E052185B16200B2C319 /* ForecastCell.swift */,
			);
			path = View;
			sourceTree = "<group>";
		};
/* End PBXGroup section */

/* Begin PBXNativeTarget section */
		12667DD2218576DF00B2C319 /* WeatherApp */ = {
			isa = PBXNativeTarget;
			buildConfigurationList = 12667DFB218576E400B2C319 /* Build configuration list for PBXNativeTarget "WeatherApp" */;
			buildPhases = (
				12667DCF218576DF00B2C319 /* Sources */,
				12667DD0218576DF00B2C319 /* Frameworks */,
				12667DD1218576DF00B2C319 /* Resources */,
			);
			buildRules = (
			);
			dependencies = (
			);
			name = WeatherApp;
			productName = WeatherApp;
			productReference = 12667DD3218576DF00B2C319 /* WeatherApp.app */;
			productType = "com.apple.product-type.application";
		};
		12667DE6218576E400B2C319 /* WeatherAppTests */ = {
			isa = PBXNativeTarget;
			buildConfigurationList = 12667DFE218576E400B2C319 /* Build configuration list for PBXNativeTarget "WeatherAppTests" */;
			buildPhases = (
				12667DE3218576E400B2C319 /* Sources */,
				12667DE4218576E400B2C319 /* Frameworks */,
				12667DE5218576E400B2C319 /* Resources */,
			);
			buildRules = (
			);
			dependencies = (
				12667DE9218576E400B2C319 /* PBXTargetDependency */,
			);
			name = WeatherAppTests;
			productName = WeatherAppTests;
			productReference = 12667DE7218576E400B2C319 /* WeatherAppTests.xctest */;
			productType = "com.apple.product-type.bundle.unit-test";
		};
		12667DF1218576E400B2C319 /* WeatherAppUITests */ = {
			isa = PBXNativeTarget;
			buildConfigurationList = 12667E01218576E400B2C319 /* Build configuration list for PBXNativeTarget "WeatherAppUITests" */;
			buildPhases = (
				12667DEE218576E400B2C319 /* Sources */,
				12667DEF218576E400B2C319 /* Frameworks */,
				12667DF0218576E400B2C319 /* Resources */,
			);
			buildRules = (
			);
			dependencies = (
				12667DF4218576E400B2C319 /* PBXTargetDependency */,
			);
			name = WeatherAppUITests;
			productName = WeatherAppUITests;
			productReference = 12667DF2218576E400B2C319 /* WeatherAppUITests.xctest */;
			productType = "com.apple.product-type.bundle.ui-testing";
		};
/* End PBXNativeTarget section */

/* Begin PBXProject section */
		12667DCB218576DF00B2C319 /* Project object */ = {
			isa = PBXProject;
			attributes = {
				LastSwiftUpdateCheck = 1000;
				LastUpgradeCheck = 1000;
				ORGANIZATIONNAME = "Dipak Pandey";
				TargetAttributes = {
					12667DD2218576DF00B2C319 = {
						CreatedOnToolsVersion = 10.0;
					};
					12667DE6218576E400B2C319 = {
						CreatedOnToolsVersion = 10.0;
						TestTargetID = 12667DD2218576DF00B2C319;
					};
					12667DF1218576E400B2C319 = {
						CreatedOnToolsVersion = 10.0;
						TestTargetID = 12667DD2218576DF00B2C319;
					};
				};
			};
			buildConfigurationList = 12667DCE218576DF00B2C319 /* Build configuration list for PBXProject "WeatherApp" */;
			compatibilityVersion = "Xcode 9.3";
			developmentRegion = en;
			hasScannedForEncodings = 0;
			knownRegions = (
				en,
				Base,
			);
			mainGroup = 12667DCA218576DF00B2C319;
			productRefGroup = 12667DD4218576DF00B2C319 /* Products */;
			projectDirPath = "";
			projectRoot = "";
			targets = (
				12667DD2218576DF00B2C319 /* WeatherApp */,
				12667DE6218576E400B2C319 /* WeatherAppTests */,
				12667DF1218576E400B2C319 /* WeatherAppUITests */,
			);
		};
/* End PBXProject section */

/* Begin PBXResourcesBuildPhase section */
		12667DD1218576DF00B2C319 /* Resources */ = {
			isa = PBXResourcesBuildPhase;
			buildActionMask = 2147483647;
			files = (
				1247DE6221886FDB00B5EA0E /* response.json in Resources */,
				12667DE1218576E400B2C319 /* LaunchScreen.storyboard in Resources */,
				12667DDE218576E400B2C319 /* Assets.xcassets in Resources */,
				12F4C69C218DC1FD006DEAA9 /* Default-568h@2x.png in Resources */,
				12667DDC218576DF00B2C319 /* Main.storyboard in Resources */,
			);
			runOnlyForDeploymentPostprocessing = 0;
		};
		12667DE5218576E400B2C319 /* Resources */ = {
			isa = PBXResourcesBuildPhase;
			buildActionMask = 2147483647;
			files = (
			);
			runOnlyForDeploymentPostprocessing = 0;
		};
		12667DF0218576E400B2C319 /* Resources */ = {
			isa = PBXResourcesBuildPhase;
			buildActionMask = 2147483647;
			files = (
			);
			runOnlyForDeploymentPostprocessing = 0;
		};
/* End PBXResourcesBuildPhase section */

/* Begin PBXSourcesBuildPhase section */
		12667DCF218576DF00B2C319 /* Sources */ = {
			isa = PBXSourcesBuildPhase;
			buildActionMask = 2147483647;
			files = (
				12667DD9218576DF00B2C319 /* WeatherViewController.swift in Sources */,
				12667E082185BD1600B2C319 /* ForeCastViewController.swift in Sources */,
				12667E122185C84900B2C319 /* LocationService.swift in Sources */,
				12667E182185CBE600B2C319 /* WeatherViewModel.swift in Sources */,
				12667E062185B16200B2C319 /* ForecastCell.swift in Sources */,
				12667E0F2185C50900B2C319 /* NetworkManager.swift in Sources */,
				12667E1A2185D22D00B2C319 /* WeatherServiceProtocol.swift in Sources */,
				12667E1C2185D25C00B2C319 /* OpenWeatherMapService.swift in Sources */,
				12667DD7218576DF00B2C319 /* AppDelegate.swift in Sources */,
				12C146B3218B8D21007A5BB0 /* ForecastCellViewModel.swift in Sources */,
				12C146B5218C1D86007A5BB0 /* DateUtility.swift in Sources */,
				12667E162185CADB00B2C319 /* Observable.swift in Sources */,
				12667E0D2185BF4F00B2C319 /* Forecast.swift in Sources */,
				12667E0B2185BF2300B2C319 /* Weather.swift in Sources */,
				12667E142185C93100B2C319 /* WAError.swift in Sources */,
			);
			runOnlyForDeploymentPostprocessing = 0;
		};
		12667DE3218576E400B2C319 /* Sources */ = {
			isa = PBXSourcesBuildPhase;
			buildActionMask = 2147483647;
			files = (
				123D6CDA21900D48000081A3 /* DateUtilTests.swift in Sources */,
				1246EBBA219462A0003EBD15 /* OpenWeatherMapWebService.swift in Sources */,
			);
			runOnlyForDeploymentPostprocessing = 0;
		};
		12667DEE218576E400B2C319 /* Sources */ = {
			isa = PBXSourcesBuildPhase;
			buildActionMask = 2147483647;
			files = (
				12667DF7218576E400B2C319 /* WeatherAppUITests.swift in Sources */,
			);
			runOnlyForDeploymentPostprocessing = 0;
		};
/* End PBXSourcesBuildPhase section */

/* Begin PBXTargetDependency section */
		12667DE9218576E400B2C319 /* PBXTargetDependency */ = {
			isa = PBXTargetDependency;
			target = 12667DD2218576DF00B2C319 /* WeatherApp */;
			targetProxy = 12667DE8218576E400B2C319 /* PBXContainerItemProxy */;
		};
		12667DF4218576E400B2C319 /* PBXTargetDependency */ = {
			isa = PBXTargetDependency;
			target = 12667DD2218576DF00B2C319 /* WeatherApp */;
			targetProxy = 12667DF3218576E400B2C319 /* PBXContainerItemProxy */;
		};
/* End PBXTargetDependency section */

/* Begin PBXVariantGroup section */
		12667DDA218576DF00B2C319 /* Main.storyboard */ = {
			isa = PBXVariantGroup;
			children = (
				12667DDB218576DF00B2C319 /* Base */,
			);
			name = Main.storyboard;
			sourceTree = "<group>";
		};
		12667DDF218576E400B2C319 /* LaunchScreen.storyboard */ = {
			isa = PBXVariantGroup;
			children = (
				12667DE0218576E400B2C319 /* Base */,
			);
			name = LaunchScreen.storyboard;
			sourceTree = "<group>";
		};
/* End PBXVariantGroup section */

/* Begin XCBuildConfiguration section */
		12667DF9218576E400B2C319 /* Debug */ = {
			isa = XCBuildConfiguration;
			buildSettings = {
				ALWAYS_SEARCH_USER_PATHS = NO;
				CLANG_ANALYZER_NONNULL = YES;
				CLANG_ANALYZER_NUMBER_OBJECT_CONVERSION = YES_AGGRESSIVE;
				CLANG_CXX_LANGUAGE_STANDARD = "gnu++14";
				CLANG_CXX_LIBRARY = "libc++";
				CLANG_ENABLE_MODULES = YES;
				CLANG_ENABLE_OBJC_ARC = YES;
				CLANG_ENABLE_OBJC_WEAK = YES;
				CLANG_WARN_BLOCK_CAPTURE_AUTORELEASING = YES;
				CLANG_WARN_BOOL_CONVERSION = YES;
				CLANG_WARN_COMMA = YES;
				CLANG_WARN_CONSTANT_CONVERSION = YES;
				CLANG_WARN_DEPRECATED_OBJC_IMPLEMENTATIONS = YES;
				CLANG_WARN_DIRECT_OBJC_ISA_USAGE = YES_ERROR;
				CLANG_WARN_DOCUMENTATION_COMMENTS = YES;
				CLANG_WARN_EMPTY_BODY = YES;
				CLANG_WARN_ENUM_CONVERSION = YES;
				CLANG_WARN_INFINITE_RECURSION = YES;
				CLANG_WARN_INT_CONVERSION = YES;
				CLANG_WARN_NON_LITERAL_NULL_CONVERSION = YES;
				CLANG_WARN_OBJC_IMPLICIT_RETAIN_SELF = YES;
				CLANG_WARN_OBJC_LITERAL_CONVERSION = YES;
				CLANG_WARN_OBJC_ROOT_CLASS = YES_ERROR;
				CLANG_WARN_RANGE_LOOP_ANALYSIS = YES;
				CLANG_WARN_STRICT_PROTOTYPES = YES;
				CLANG_WARN_SUSPICIOUS_MOVE = YES;
				CLANG_WARN_UNGUARDED_AVAILABILITY = YES_AGGRESSIVE;
				CLANG_WARN_UNREACHABLE_CODE = YES;
				CLANG_WARN__DUPLICATE_METHOD_MATCH = YES;
				CODE_SIGN_IDENTITY = "iPhone Developer";
				COPY_PHASE_STRIP = NO;
				DEBUG_INFORMATION_FORMAT = dwarf;
				ENABLE_STRICT_OBJC_MSGSEND = YES;
				ENABLE_TESTABILITY = YES;
				GCC_C_LANGUAGE_STANDARD = gnu11;
				GCC_DYNAMIC_NO_PIC = NO;
				GCC_NO_COMMON_BLOCKS = YES;
				GCC_OPTIMIZATION_LEVEL = 0;
				GCC_PREPROCESSOR_DEFINITIONS = (
					"DEBUG=1",
					"$(inherited)",
				);
				GCC_WARN_64_TO_32_BIT_CONVERSION = YES;
				GCC_WARN_ABOUT_RETURN_TYPE = YES_ERROR;
				GCC_WARN_UNDECLARED_SELECTOR = YES;
				GCC_WARN_UNINITIALIZED_AUTOS = YES_AGGRESSIVE;
				GCC_WARN_UNUSED_FUNCTION = YES;
				GCC_WARN_UNUSED_VARIABLE = YES;
				IPHONEOS_DEPLOYMENT_TARGET = 12.0;
				MTL_ENABLE_DEBUG_INFO = INCLUDE_SOURCE;
				MTL_FAST_MATH = YES;
				ONLY_ACTIVE_ARCH = YES;
				SDKROOT = iphoneos;
				SWIFT_ACTIVE_COMPILATION_CONDITIONS = DEBUG;
				SWIFT_OPTIMIZATION_LEVEL = "-Onone";
			};
			name = Debug;
		};
		12667DFA218576E400B2C319 /* Release */ = {
			isa = XCBuildConfiguration;
			buildSettings = {
				ALWAYS_SEARCH_USER_PATHS = NO;
				CLANG_ANALYZER_NONNULL = YES;
				CLANG_ANALYZER_NUMBER_OBJECT_CONVERSION = YES_AGGRESSIVE;
				CLANG_CXX_LANGUAGE_STANDARD = "gnu++14";
				CLANG_CXX_LIBRARY = "libc++";
				CLANG_ENABLE_MODULES = YES;
				CLANG_ENABLE_OBJC_ARC = YES;
				CLANG_ENABLE_OBJC_WEAK = YES;
				CLANG_WARN_BLOCK_CAPTURE_AUTORELEASING = YES;
				CLANG_WARN_BOOL_CONVERSION = YES;
				CLANG_WARN_COMMA = YES;
				CLANG_WARN_CONSTANT_CONVERSION = YES;
				CLANG_WARN_DEPRECATED_OBJC_IMPLEMENTATIONS = YES;
				CLANG_WARN_DIRECT_OBJC_ISA_USAGE = YES_ERROR;
				CLANG_WARN_DOCUMENTATION_COMMENTS = YES;
				CLANG_WARN_EMPTY_BODY = YES;
				CLANG_WARN_ENUM_CONVERSION = YES;
				CLANG_WARN_INFINITE_RECURSION = YES;
				CLANG_WARN_INT_CONVERSION = YES;
				CLANG_WARN_NON_LITERAL_NULL_CONVERSION = YES;
				CLANG_WARN_OBJC_IMPLICIT_RETAIN_SELF = YES;
				CLANG_WARN_OBJC_LITERAL_CONVERSION = YES;
				CLANG_WARN_OBJC_ROOT_CLASS = YES_ERROR;
				CLANG_WARN_RANGE_LOOP_ANALYSIS = YES;
				CLANG_WARN_STRICT_PROTOTYPES = YES;
				CLANG_WARN_SUSPICIOUS_MOVE = YES;
				CLANG_WARN_UNGUARDED_AVAILABILITY = YES_AGGRESSIVE;
				CLANG_WARN_UNREACHABLE_CODE = YES;
				CLANG_WARN__DUPLICATE_METHOD_MATCH = YES;
				CODE_SIGN_IDENTITY = "iPhone Developer";
				COPY_PHASE_STRIP = NO;
				DEBUG_INFORMATION_FORMAT = "dwarf-with-dsym";
				ENABLE_NS_ASSERTIONS = NO;
				ENABLE_STRICT_OBJC_MSGSEND = YES;
				GCC_C_LANGUAGE_STANDARD = gnu11;
				GCC_NO_COMMON_BLOCKS = YES;
				GCC_WARN_64_TO_32_BIT_CONVERSION = YES;
				GCC_WARN_ABOUT_RETURN_TYPE = YES_ERROR;
				GCC_WARN_UNDECLARED_SELECTOR = YES;
				GCC_WARN_UNINITIALIZED_AUTOS = YES_AGGRESSIVE;
				GCC_WARN_UNUSED_FUNCTION = YES;
				GCC_WARN_UNUSED_VARIABLE = YES;
				IPHONEOS_DEPLOYMENT_TARGET = 12.0;
				MTL_ENABLE_DEBUG_INFO = NO;
				MTL_FAST_MATH = YES;
				SDKROOT = iphoneos;
				SWIFT_COMPILATION_MODE = wholemodule;
				SWIFT_OPTIMIZATION_LEVEL = "-O";
				VALIDATE_PRODUCT = YES;
			};
			name = Release;
		};
		12667DFC218576E400B2C319 /* Debug */ = {
			isa = XCBuildConfiguration;
			buildSettings = {
				ASSETCATALOG_COMPILER_APPICON_NAME = AppIcon;
				CODE_SIGN_STYLE = Automatic;
				DEVELOPMENT_TEAM = W8B445UDR2;
				INFOPLIST_FILE = "$(SRCROOT)/WeatherApp/Resources/Info.plist";
				IPHONEOS_DEPLOYMENT_TARGET = 11.0;
				LD_RUNPATH_SEARCH_PATHS = (
					"$(inherited)",
					"@executable_path/Frameworks",
				);
				PRODUCT_BUNDLE_IDENTIFIER = deepak.WeatherApp;
				PRODUCT_NAME = "$(TARGET_NAME)";
				SWIFT_VERSION = 4.2;
				TARGETED_DEVICE_FAMILY = "1,2";
			};
			name = Debug;
		};
		12667DFD218576E400B2C319 /* Release */ = {
			isa = XCBuildConfiguration;
			buildSettings = {
				ASSETCATALOG_COMPILER_APPICON_NAME = AppIcon;
				CODE_SIGN_STYLE = Automatic;
				DEVELOPMENT_TEAM = W8B445UDR2;
				INFOPLIST_FILE = "$(SRCROOT)/WeatherApp/Resources/Info.plist";
				IPHONEOS_DEPLOYMENT_TARGET = 11.0;
				LD_RUNPATH_SEARCH_PATHS = (
					"$(inherited)",
					"@executable_path/Frameworks",
				);
				PRODUCT_BUNDLE_IDENTIFIER = deepak.WeatherApp;
				PRODUCT_NAME = "$(TARGET_NAME)";
				SWIFT_VERSION = 4.2;
				TARGETED_DEVICE_FAMILY = "1,2";
			};
			name = Release;
		};
		12667DFF218576E400B2C319 /* Debug */ = {
			isa = XCBuildConfiguration;
			buildSettings = {
				ALWAYS_EMBED_SWIFT_STANDARD_LIBRARIES = YES;
				BUNDLE_LOADER = "$(TEST_HOST)";
				CODE_SIGN_STYLE = Automatic;
				INFOPLIST_FILE = WeatherAppTests/Info.plist;
				LD_RUNPATH_SEARCH_PATHS = (
					"$(inherited)",
					"@executable_path/Frameworks",
					"@loader_path/Frameworks",
				);
				PRODUCT_BUNDLE_IDENTIFIER = deepak.WeatherAppTests;
				PRODUCT_NAME = "$(TARGET_NAME)";
				SWIFT_VERSION = 4.2;
				TARGETED_DEVICE_FAMILY = "1,2";
				TEST_HOST = "$(BUILT_PRODUCTS_DIR)/WeatherApp.app/WeatherApp";
			};
			name = Debug;
		};
		12667E00218576E400B2C319 /* Release */ = {
			isa = XCBuildConfiguration;
			buildSettings = {
				ALWAYS_EMBED_SWIFT_STANDARD_LIBRARIES = YES;
				BUNDLE_LOADER = "$(TEST_HOST)";
				CODE_SIGN_STYLE = Automatic;
				INFOPLIST_FILE = WeatherAppTests/Info.plist;
				LD_RUNPATH_SEARCH_PATHS = (
					"$(inherited)",
					"@executable_path/Frameworks",
					"@loader_path/Frameworks",
				);
				PRODUCT_BUNDLE_IDENTIFIER = deepak.WeatherAppTests;
				PRODUCT_NAME = "$(TARGET_NAME)";
				SWIFT_VERSION = 4.2;
				TARGETED_DEVICE_FAMILY = "1,2";
				TEST_HOST = "$(BUILT_PRODUCTS_DIR)/WeatherApp.app/WeatherApp";
			};
			name = Release;
		};
		12667E02218576E400B2C319 /* Debug */ = {
			isa = XCBuildConfiguration;
			buildSettings = {
				ALWAYS_EMBED_SWIFT_STANDARD_LIBRARIES = YES;
				CODE_SIGN_STYLE = Automatic;
				INFOPLIST_FILE = WeatherAppUITests/Info.plist;
				LD_RUNPATH_SEARCH_PATHS = (
					"$(inherited)",
					"@executable_path/Frameworks",
					"@loader_path/Frameworks",
				);
				PRODUCT_BUNDLE_IDENTIFIER = deepak.WeatherAppUITests;
				PRODUCT_NAME = "$(TARGET_NAME)";
				SWIFT_VERSION = 4.2;
				TARGETED_DEVICE_FAMILY = "1,2";
				TEST_TARGET_NAME = WeatherApp;
			};
			name = Debug;
		};
		12667E03218576E400B2C319 /* Release */ = {
			isa = XCBuildConfiguration;
			buildSettings = {
				ALWAYS_EMBED_SWIFT_STANDARD_LIBRARIES = YES;
				CODE_SIGN_STYLE = Automatic;
				INFOPLIST_FILE = WeatherAppUITests/Info.plist;
				LD_RUNPATH_SEARCH_PATHS = (
					"$(inherited)",
					"@executable_path/Frameworks",
					"@loader_path/Frameworks",
				);
				PRODUCT_BUNDLE_IDENTIFIER = deepak.WeatherAppUITests;
				PRODUCT_NAME = "$(TARGET_NAME)";
				SWIFT_VERSION = 4.2;
				TARGETED_DEVICE_FAMILY = "1,2";
				TEST_TARGET_NAME = WeatherApp;
			};
			name = Release;
		};
/* End XCBuildConfiguration section */

/* Begin XCConfigurationList section */
		12667DCE218576DF00B2C319 /* Build configuration list for PBXProject "WeatherApp" */ = {
			isa = XCConfigurationList;
			buildConfigurations = (
				12667DF9218576E400B2C319 /* Debug */,
				12667DFA218576E400B2C319 /* Release */,
			);
			defaultConfigurationIsVisible = 0;
			defaultConfigurationName = Release;
		};
		12667DFB218576E400B2C319 /* Build configuration list for PBXNativeTarget "WeatherApp" */ = {
			isa = XCConfigurationList;
			buildConfigurations = (
				12667DFC218576E400B2C319 /* Debug */,
				12667DFD218576E400B2C319 /* Release */,
			);
			defaultConfigurationIsVisible = 0;
			defaultConfigurationName = Release;
		};
		12667DFE218576E400B2C319 /* Build configuration list for PBXNativeTarget "WeatherAppTests" */ = {
			isa = XCConfigurationList;
			buildConfigurations = (
				12667DFF218576E400B2C319 /* Debug */,
				12667E00218576E400B2C319 /* Release */,
			);
			defaultConfigurationIsVisible = 0;
			defaultConfigurationName = Release;
		};
		12667E01218576E400B2C319 /* Build configuration list for PBXNativeTarget "WeatherAppUITests" */ = {
			isa = XCConfigurationList;
			buildConfigurations = (
				12667E02218576E400B2C319 /* Debug */,
				12667E03218576E400B2C319 /* Release */,
			);
			defaultConfigurationIsVisible = 0;
			defaultConfigurationName = Release;
		};
/* End XCConfigurationList section */
	};
	rootObject = 12667DCB218576DF00B2C319 /* Project object */;
}
